
Microsoft Visual Studio Solution File, Format Version 12.00
# Visual Studio Version 17
VisualStudioVersion = 17.5.33516.290
MinimumVisualStudioVersion = 10.0.40219.1
Project("{9A19103F-16F7-4668-BE54-9A1E7A4F7556}") = "BlogApplication", "BlogApplication\BlogApplication.csproj", "{07B244EC-A0DF-469B-8C67-0698A41AB4F3}"
EndProject
Project("{9A19103F-16F7-4668-BE54-9A1E7A4F7556}") = "BlogServices.Test", "BlogLogicTest\BlogServices.Test.csproj", "{0A3CA179-D532-433E-B532-4CE1ED3B4EAD}"
EndProject
Project("{9A19103F-16F7-4668-BE54-9A1E7A4F7556}") = "BlogServices", "BlogLogic\BlogServices.csproj", "{8E2A2353-23FA-4702-B5BD-834FD0A5362D}"
EndProject
Project("{9A19103F-16F7-4668-BE54-9A1E7A4F7556}") = "BlogServices.Interfaces", "BlogLogic.Interface\BlogServices.Interfaces.csproj", "{03AF49E5-0E38-4692-8622-C5913C175F76}"
EndProject
Project("{9A19103F-16F7-4668-BE54-9A1E7A4F7556}") = "BlogDomain", "BlogDomain\BlogDomain.csproj", "{A1FC3B7A-41C6-4B9C-BCD0-6F1B9C2ECC19}"
EndProject
Project("{9A19103F-16F7-4668-BE54-9A1E7A4F7556}") = "BlogApplication.Test", "BlogApplication.Test\BlogApplication.Test.csproj", "{E4F7C75A-257A-4A71-BE34-6A28B7E0D537}"
EndProject
Project("{9A19103F-16F7-4668-BE54-9A1E7A4F7556}") = "ServiceFactory", "ServiceFactory\ServiceFactory.csproj", "{5B26B3A4-70C7-4A82-B7F1-F466B0DFD462}"
EndProject
Project("{9A19103F-16F7-4668-BE54-9A1E7A4F7556}") = "BlogDataAccess", "BlogDataAccess\BlogDataAccess.csproj", "{B7AB0DDA-5DCD-4C9E-9EC1-FE141AAA0470}"
EndProject
Project("{9A19103F-16F7-4668-BE54-9A1E7A4F7556}") = "BlogDataAccess.Test", "BlogDataAccess.Test\BlogDataAccess.Test.csproj", "{DA72A08C-106E-46BA-B7A9-A236425B09A9}"
EndProject
Project("{9A19103F-16F7-4668-BE54-9A1E7A4F7556}") = "BlogDataAccess.Interfaces", "BlogDataAccess.Interfaces\BlogDataAccess.Interfaces.csproj", "{A23308F0-CE00-4566-AE18-92E1ECB8E575}"
EndProject
Project("{9A19103F-16F7-4668-BE54-9A1E7A4F7556}") = "Exceptions", "Exceptions\Exceptions.csproj", "{8036A194-1F79-4CE2-B20E-52B05037ECC7}"
EndProject
Project("{2150E333-8FDC-42A3-9474-1A3956D46DE8}") = "Tests", "Tests", "{E5649E50-48D0-4415-A5C3-A4B16223DD20}"
EndProject
Project("{2150E333-8FDC-42A3-9474-1A3956D46DE8}") = "Interfaces", "Interfaces", "{5936F24B-FA64-4C41-96ED-8319F136C75E}"
EndProject
Project("{2150E333-8FDC-42A3-9474-1A3956D46DE8}") = "Modules", "Modules", "{F3826563-C1F4-464E-B841-1F787650FE1D}"
EndProject
Project("{9A19103F-16F7-4668-BE54-9A1E7A4F7556}") = "BlogImporters.Interfaces", "Importers.Interfaces\BlogImporters.Interfaces.csproj", "{48A40893-8545-4E8D-B3A3-C2FED7AA36E2}"
EndProject
Project("{9A19103F-16F7-4668-BE54-9A1E7A4F7556}") = "JSONImporter", "JSONImporter\JSONImporter.csproj", "{66BF8E60-DC0D-494F-BA7F-6AD41956A9C8}"
EndProject
Project("{9A19103F-16F7-4668-BE54-9A1E7A4F7556}") = "XMLImporter", "XMLImporter\XMLImporter.csproj", "{318441D4-1324-4F6A-9813-8C08902C80CB}"
EndProject
Project("{2150E333-8FDC-42A3-9474-1A3956D46DE8}") = "Importers", "Importers", "{091F8C6D-5108-4614-8A41-D6B54A3C6F48}"
EndProject
Project("{9A19103F-16F7-4668-BE54-9A1E7A4F7556}") = "BlogImporterDomain", "BlogImporterDomain\BlogImporterDomain.csproj", "{4B6C3C14-4DEF-414D-B358-4A243F5458B5}"
EndProject
Project("{FAE04EC0-301F-11D3-BF4B-00C04F79EFBC}") = "BlogImporters.Test", "BlogImporters.Test\BlogImporters.Test.csproj", "{4664E50B-83D3-4670-B9A3-8B6A9108AF39}"
EndProject
Global
	GlobalSection(SolutionConfigurationPlatforms) = preSolution
		Debug|Any CPU = Debug|Any CPU
		Release|Any CPU = Release|Any CPU
	EndGlobalSection
	GlobalSection(ProjectConfigurationPlatforms) = postSolution
		{07B244EC-A0DF-469B-8C67-0698A41AB4F3}.Debug|Any CPU.ActiveCfg = Debug|Any CPU
		{07B244EC-A0DF-469B-8C67-0698A41AB4F3}.Debug|Any CPU.Build.0 = Debug|Any CPU
		{07B244EC-A0DF-469B-8C67-0698A41AB4F3}.Release|Any CPU.ActiveCfg = Release|Any CPU
		{07B244EC-A0DF-469B-8C67-0698A41AB4F3}.Release|Any CPU.Build.0 = Release|Any CPU
		{0A3CA179-D532-433E-B532-4CE1ED3B4EAD}.Debug|Any CPU.ActiveCfg = Debug|Any CPU
		{0A3CA179-D532-433E-B532-4CE1ED3B4EAD}.Debug|Any CPU.Build.0 = Debug|Any CPU
		{0A3CA179-D532-433E-B532-4CE1ED3B4EAD}.Release|Any CPU.ActiveCfg = Release|Any CPU
		{0A3CA179-D532-433E-B532-4CE1ED3B4EAD}.Release|Any CPU.Build.0 = Release|Any CPU
		{8E2A2353-23FA-4702-B5BD-834FD0A5362D}.Debug|Any CPU.ActiveCfg = Debug|Any CPU
		{8E2A2353-23FA-4702-B5BD-834FD0A5362D}.Debug|Any CPU.Build.0 = Debug|Any CPU
		{8E2A2353-23FA-4702-B5BD-834FD0A5362D}.Release|Any CPU.ActiveCfg = Release|Any CPU
		{8E2A2353-23FA-4702-B5BD-834FD0A5362D}.Release|Any CPU.Build.0 = Release|Any CPU
		{03AF49E5-0E38-4692-8622-C5913C175F76}.Debug|Any CPU.ActiveCfg = Debug|Any CPU
		{03AF49E5-0E38-4692-8622-C5913C175F76}.Debug|Any CPU.Build.0 = Debug|Any CPU
		{03AF49E5-0E38-4692-8622-C5913C175F76}.Release|Any CPU.ActiveCfg = Release|Any CPU
		{03AF49E5-0E38-4692-8622-C5913C175F76}.Release|Any CPU.Build.0 = Release|Any CPU
		{A1FC3B7A-41C6-4B9C-BCD0-6F1B9C2ECC19}.Debug|Any CPU.ActiveCfg = Debug|Any CPU
		{A1FC3B7A-41C6-4B9C-BCD0-6F1B9C2ECC19}.Debug|Any CPU.Build.0 = Debug|Any CPU
		{A1FC3B7A-41C6-4B9C-BCD0-6F1B9C2ECC19}.Release|Any CPU.ActiveCfg = Release|Any CPU
		{A1FC3B7A-41C6-4B9C-BCD0-6F1B9C2ECC19}.Release|Any CPU.Build.0 = Release|Any CPU
		{E4F7C75A-257A-4A71-BE34-6A28B7E0D537}.Debug|Any CPU.ActiveCfg = Debug|Any CPU
		{E4F7C75A-257A-4A71-BE34-6A28B7E0D537}.Debug|Any CPU.Build.0 = Debug|Any CPU
		{E4F7C75A-257A-4A71-BE34-6A28B7E0D537}.Release|Any CPU.ActiveCfg = Release|Any CPU
		{E4F7C75A-257A-4A71-BE34-6A28B7E0D537}.Release|Any CPU.Build.0 = Release|Any CPU
		{5B26B3A4-70C7-4A82-B7F1-F466B0DFD462}.Debug|Any CPU.ActiveCfg = Debug|Any CPU
		{5B26B3A4-70C7-4A82-B7F1-F466B0DFD462}.Debug|Any CPU.Build.0 = Debug|Any CPU
		{5B26B3A4-70C7-4A82-B7F1-F466B0DFD462}.Release|Any CPU.ActiveCfg = Release|Any CPU
		{5B26B3A4-70C7-4A82-B7F1-F466B0DFD462}.Release|Any CPU.Build.0 = Release|Any CPU
		{B7AB0DDA-5DCD-4C9E-9EC1-FE141AAA0470}.Debug|Any CPU.ActiveCfg = Debug|Any CPU
		{B7AB0DDA-5DCD-4C9E-9EC1-FE141AAA0470}.Debug|Any CPU.Build.0 = Debug|Any CPU
		{B7AB0DDA-5DCD-4C9E-9EC1-FE141AAA0470}.Release|Any CPU.ActiveCfg = Release|Any CPU
		{B7AB0DDA-5DCD-4C9E-9EC1-FE141AAA0470}.Release|Any CPU.Build.0 = Release|Any CPU
		{DA72A08C-106E-46BA-B7A9-A236425B09A9}.Debug|Any CPU.ActiveCfg = Debug|Any CPU
		{DA72A08C-106E-46BA-B7A9-A236425B09A9}.Debug|Any CPU.Build.0 = Debug|Any CPU
		{DA72A08C-106E-46BA-B7A9-A236425B09A9}.Release|Any CPU.ActiveCfg = Release|Any CPU
		{DA72A08C-106E-46BA-B7A9-A236425B09A9}.Release|Any CPU.Build.0 = Release|Any CPU
		{A23308F0-CE00-4566-AE18-92E1ECB8E575}.Debug|Any CPU.ActiveCfg = Debug|Any CPU
		{A23308F0-CE00-4566-AE18-92E1ECB8E575}.Debug|Any CPU.Build.0 = Debug|Any CPU
		{A23308F0-CE00-4566-AE18-92E1ECB8E575}.Release|Any CPU.ActiveCfg = Release|Any CPU
		{A23308F0-CE00-4566-AE18-92E1ECB8E575}.Release|Any CPU.Build.0 = Release|Any CPU
		{8036A194-1F79-4CE2-B20E-52B05037ECC7}.Debug|Any CPU.ActiveCfg = Debug|Any CPU
		{8036A194-1F79-4CE2-B20E-52B05037ECC7}.Debug|Any CPU.Build.0 = Debug|Any CPU
		{8036A194-1F79-4CE2-B20E-52B05037ECC7}.Release|Any CPU.ActiveCfg = Release|Any CPU
		{8036A194-1F79-4CE2-B20E-52B05037ECC7}.Release|Any CPU.Build.0 = Release|Any CPU
		{48A40893-8545-4E8D-B3A3-C2FED7AA36E2}.Debug|Any CPU.ActiveCfg = Debug|Any CPU
		{48A40893-8545-4E8D-B3A3-C2FED7AA36E2}.Debug|Any CPU.Build.0 = Debug|Any CPU
		{48A40893-8545-4E8D-B3A3-C2FED7AA36E2}.Release|Any CPU.ActiveCfg = Release|Any CPU
		{48A40893-8545-4E8D-B3A3-C2FED7AA36E2}.Release|Any CPU.Build.0 = Release|Any CPU
		{66BF8E60-DC0D-494F-BA7F-6AD41956A9C8}.Debug|Any CPU.ActiveCfg = Debug|Any CPU
		{66BF8E60-DC0D-494F-BA7F-6AD41956A9C8}.Debug|Any CPU.Build.0 = Debug|Any CPU
		{66BF8E60-DC0D-494F-BA7F-6AD41956A9C8}.Release|Any CPU.ActiveCfg = Release|Any CPU
		{66BF8E60-DC0D-494F-BA7F-6AD41956A9C8}.Release|Any CPU.Build.0 = Release|Any CPU
		{318441D4-1324-4F6A-9813-8C08902C80CB}.Debug|Any CPU.ActiveCfg = Debug|Any CPU
		{318441D4-1324-4F6A-9813-8C08902C80CB}.Debug|Any CPU.Build.0 = Debug|Any CPU
		{318441D4-1324-4F6A-9813-8C08902C80CB}.Release|Any CPU.ActiveCfg = Release|Any CPU
		{318441D4-1324-4F6A-9813-8C08902C80CB}.Release|Any CPU.Build.0 = Release|Any CPU
		{4B6C3C14-4DEF-414D-B358-4A243F5458B5}.Debug|Any CPU.ActiveCfg = Debug|Any CPU
		{4B6C3C14-4DEF-414D-B358-4A243F5458B5}.Debug|Any CPU.Build.0 = Debug|Any CPU
		{4B6C3C14-4DEF-414D-B358-4A243F5458B5}.Release|Any CPU.ActiveCfg = Release|Any CPU
		{4B6C3C14-4DEF-414D-B358-4A243F5458B5}.Release|Any CPU.Build.0 = Release|Any CPU
		{4664E50B-83D3-4670-B9A3-8B6A9108AF39}.Debug|Any CPU.ActiveCfg = Debug|Any CPU
		{4664E50B-83D3-4670-B9A3-8B6A9108AF39}.Debug|Any CPU.Build.0 = Debug|Any CPU
		{4664E50B-83D3-4670-B9A3-8B6A9108AF39}.Release|Any CPU.ActiveCfg = Release|Any CPU
		{4664E50B-83D3-4670-B9A3-8B6A9108AF39}.Release|Any CPU.Build.0 = Release|Any CPU
	EndGlobalSection
	GlobalSection(SolutionProperties) = preSolution
		HideSolutionNode = FALSE
	EndGlobalSection
	GlobalSection(NestedProjects) = preSolution
		{07B244EC-A0DF-469B-8C67-0698A41AB4F3} = {F3826563-C1F4-464E-B841-1F787650FE1D}
		{0A3CA179-D532-433E-B532-4CE1ED3B4EAD} = {E5649E50-48D0-4415-A5C3-A4B16223DD20}
		{8E2A2353-23FA-4702-B5BD-834FD0A5362D} = {F3826563-C1F4-464E-B841-1F787650FE1D}
		{03AF49E5-0E38-4692-8622-C5913C175F76} = {5936F24B-FA64-4C41-96ED-8319F136C75E}
		{A1FC3B7A-41C6-4B9C-BCD0-6F1B9C2ECC19} = {F3826563-C1F4-464E-B841-1F787650FE1D}
		{E4F7C75A-257A-4A71-BE34-6A28B7E0D537} = {E5649E50-48D0-4415-A5C3-A4B16223DD20}
		{5B26B3A4-70C7-4A82-B7F1-F466B0DFD462} = {F3826563-C1F4-464E-B841-1F787650FE1D}
		{B7AB0DDA-5DCD-4C9E-9EC1-FE141AAA0470} = {F3826563-C1F4-464E-B841-1F787650FE1D}
		{DA72A08C-106E-46BA-B7A9-A236425B09A9} = {E5649E50-48D0-4415-A5C3-A4B16223DD20}
		{A23308F0-CE00-4566-AE18-92E1ECB8E575} = {5936F24B-FA64-4C41-96ED-8319F136C75E}
		{8036A194-1F79-4CE2-B20E-52B05037ECC7} = {F3826563-C1F4-464E-B841-1F787650FE1D}
		{48A40893-8545-4E8D-B3A3-C2FED7AA36E2} = {5936F24B-FA64-4C41-96ED-8319F136C75E}
		{66BF8E60-DC0D-494F-BA7F-6AD41956A9C8} = {091F8C6D-5108-4614-8A41-D6B54A3C6F48}
		{318441D4-1324-4F6A-9813-8C08902C80CB} = {091F8C6D-5108-4614-8A41-D6B54A3C6F48}
		{091F8C6D-5108-4614-8A41-D6B54A3C6F48} = {F3826563-C1F4-464E-B841-1F787650FE1D}
		{4B6C3C14-4DEF-414D-B358-4A243F5458B5} = {091F8C6D-5108-4614-8A41-D6B54A3C6F48}
		{4664E50B-83D3-4670-B9A3-8B6A9108AF39} = {E5649E50-48D0-4415-A5C3-A4B16223DD20}
	EndGlobalSection
	GlobalSection(ExtensibilityGlobals) = postSolution
		SolutionGuid = {B186E1FB-F38B-44BC-91A1-6E2697B7E1B0}
	EndGlobalSection
EndGlobal
